
Microsoft Visual Studio Solution File, Format Version 12.00
# Visual Studio 15
VisualStudioVersion = 15.0.27130.2010
MinimumVisualStudioVersion = 10.0.40219.1
Project("{FAE04EC0-301F-11D3-BF4B-00C04F79EFBC}") = "Ado.net", "Ado.net\Ado.net.csproj", "{876C53E4-3FD5-4B09-BCC6-1D052B34F2E5}"
EndProject
Global
	GlobalSection(SolutionConfigurationPlatforms) = preSolution
		Debug|Any CPU = Debug|Any CPU
		Release|Any CPU = Release|Any CPU
	EndGlobalSection
	GlobalSection(ProjectConfigurationPlatforms) = postSolution
		{876C53E4-3FD5-4B09-BCC6-1D052B34F2E5}.Debug|Any CPU.ActiveCfg = Debug|Any CPU
		{876C53E4-3FD5-4B09-BCC6-1D052B34F2E5}.Debug|Any CPU.Build.0 = Debug|Any CPU
		{876C53E4-3FD5-4B09-BCC6-1D052B34F2E5}.Release|Any CPU.ActiveCfg = Release|Any CPU
		{876C53E4-3FD5-4B09-BCC6-1D052B34F2E5}.Release|Any CPU.Build.0 = Release|Any CPU
	EndGlobalSection
	GlobalSection(SolutionProperties) = preSolution
		HideSolutionNode = FALSE
	EndGlobalSection
	GlobalSection(ExtensibilityGlobals) = postSolution
		SolutionGuid = {1515FDB0-093A-400B-B7BC-9B421E22D504}
	EndGlobalSection
EndGlobal
